
Microsoft Visual Studio Solution File, Format Version 12.00
# Visual Studio Version 17
VisualStudioVersion = 17.0.31903.59
MinimumVisualStudioVersion = 10.0.40219.1
Project("{2150E333-8FDC-42A3-9474-1A3956D46DE8}") = "src", "src", "{827E0CD3-B72D-47B6-A68D-7590B98EB39B}"
EndProject
Project("{FAE04EC0-301F-11D3-BF4B-00C04F79EFBC}") = "ClaimsModule.API", "src\ClaimsModule.API\ClaimsModule.API.csproj", "{1F73E4A3-3590-439C-8061-5AF08D47A27C}"
EndProject
Project("{FAE04EC0-301F-11D3-BF4B-00C04F79EFBC}") = "ClaimsModule.Application", "src\ClaimsModule.Application\ClaimsModule.Application.csproj", "{92F0D4A3-6116-49EB-9C54-0E10D91FD291}"
EndProject
Project("{FAE04EC0-301F-11D3-BF4B-00C04F79EFBC}") = "ClaimsModule.Domain", "src\ClaimsModule.Domain\ClaimsModule.Domain.csproj", "{432E61F8-C6AD-4633-8A2C-E085343749F0}"
EndProject
Project("{FAE04EC0-301F-11D3-BF4B-00C04F79EFBC}") = "ClaimsModule.Infrastructure", "src\ClaimsModule.Infrastructure\ClaimsModule.Infrastructure.csproj", "{A10612B0-C0C1-484A-BFC5-822CDCAAC139}"
EndProject
Project("{FAE04EC0-301F-11D3-BF4B-00C04F79EFBC}") = "ClaimsModule.Persistence", "src\ClaimsModule.Persistence\ClaimsModule.Persistence.csproj", "{72A2B487-4FB7-48CB-831D-290A27E5ADE2}"
EndProject
Project("{2150E333-8FDC-42A3-9474-1A3956D46DE8}") = "tests", "tests", "{0AB3BF05-4346-4AA6-1389-037BE0695223}"
EndProject
Project("{FAE04EC0-301F-11D3-BF4B-00C04F79EFBC}") = "ClaimsModule.Application.Tests", "tests\ClaimsModule.Application.Tests\ClaimsModule.Application.Tests.csproj", "{4732320E-1B67-466B-9777-EDD03A5D3008}"
EndProject
Project("{FAE04EC0-301F-11D3-BF4B-00C04F79EFBC}") = "ClaimsModule.Domain.Tests", "tests\ClaimsModule.Domain.Tests\ClaimsModule.Domain.Tests.csproj", "{C13E4A37-49D0-48E5-ADAF-093DE41502CF}"
EndProject
Project("{FAE04EC0-301F-11D3-BF4B-00C04F79EFBC}") = "ClaimsModule.IntegrationTests", "tests\ClaimsModule.IntegrationTests\ClaimsModule.IntegrationTests.csproj", "{43DC72D1-4AB8-4C74-9CF6-3F2D7C5BCFFB}"
EndProject
Global
	GlobalSection(SolutionConfigurationPlatforms) = preSolution
		Debug|Any CPU = Debug|Any CPU
		Debug|x64 = Debug|x64
		Debug|x86 = Debug|x86
		Release|Any CPU = Release|Any CPU
		Release|x64 = Release|x64
		Release|x86 = Release|x86
	EndGlobalSection
	GlobalSection(ProjectConfigurationPlatforms) = postSolution
		{1F73E4A3-3590-439C-8061-5AF08D47A27C}.Debug|Any CPU.ActiveCfg = Debug|Any CPU
		{1F73E4A3-3590-439C-8061-5AF08D47A27C}.Debug|Any CPU.Build.0 = Debug|Any CPU
		{1F73E4A3-3590-439C-8061-5AF08D47A27C}.Debug|x64.ActiveCfg = Debug|Any CPU
		{1F73E4A3-3590-439C-8061-5AF08D47A27C}.Debug|x64.Build.0 = Debug|Any CPU
		{1F73E4A3-3590-439C-8061-5AF08D47A27C}.Debug|x86.ActiveCfg = Debug|Any CPU
		{1F73E4A3-3590-439C-8061-5AF08D47A27C}.Debug|x86.Build.0 = Debug|Any CPU
		{1F73E4A3-3590-439C-8061-5AF08D47A27C}.Release|Any CPU.ActiveCfg = Release|Any CPU
		{1F73E4A3-3590-439C-8061-5AF08D47A27C}.Release|Any CPU.Build.0 = Release|Any CPU
		{1F73E4A3-3590-439C-8061-5AF08D47A27C}.Release|x64.ActiveCfg = Release|Any CPU
		{1F73E4A3-3590-439C-8061-5AF08D47A27C}.Release|x64.Build.0 = Release|Any CPU
		{1F73E4A3-3590-439C-8061-5AF08D47A27C}.Release|x86.ActiveCfg = Release|Any CPU
		{1F73E4A3-3590-439C-8061-5AF08D47A27C}.Release|x86.Build.0 = Release|Any CPU
		{92F0D4A3-6116-49EB-9C54-0E10D91FD291}.Debug|Any CPU.ActiveCfg = Debug|Any CPU
		{92F0D4A3-6116-49EB-9C54-0E10D91FD291}.Debug|Any CPU.Build.0 = Debug|Any CPU
		{92F0D4A3-6116-49EB-9C54-0E10D91FD291}.Debug|x64.ActiveCfg = Debug|Any CPU
		{92F0D4A3-6116-49EB-9C54-0E10D91FD291}.Debug|x64.Build.0 = Debug|Any CPU
		{92F0D4A3-6116-49EB-9C54-0E10D91FD291}.Debug|x86.ActiveCfg = Debug|Any CPU
		{92F0D4A3-6116-49EB-9C54-0E10D91FD291}.Debug|x86.Build.0 = Debug|Any CPU
		{92F0D4A3-6116-49EB-9C54-0E10D91FD291}.Release|Any CPU.ActiveCfg = Release|Any CPU
		{92F0D4A3-6116-49EB-9C54-0E10D91FD291}.Release|Any CPU.Build.0 = Release|Any CPU
		{92F0D4A3-6116-49EB-9C54-0E10D91FD291}.Release|x64.ActiveCfg = Release|Any CPU
		{92F0D4A3-6116-49EB-9C54-0E10D91FD291}.Release|x64.Build.0 = Release|Any CPU
		{92F0D4A3-6116-49EB-9C54-0E10D91FD291}.Release|x86.ActiveCfg = Release|Any CPU
		{92F0D4A3-6116-49EB-9C54-0E10D91FD291}.Release|x86.Build.0 = Release|Any CPU
		{432E61F8-C6AD-4633-8A2C-E085343749F0}.Debug|Any CPU.ActiveCfg = Debug|Any CPU
		{432E61F8-C6AD-4633-8A2C-E085343749F0}.Debug|Any CPU.Build.0 = Debug|Any CPU
		{432E61F8-C6AD-4633-8A2C-E085343749F0}.Debug|x64.ActiveCfg = Debug|Any CPU
		{432E61F8-C6AD-4633-8A2C-E085343749F0}.Debug|x64.Build.0 = Debug|Any CPU
		{432E61F8-C6AD-4633-8A2C-E085343749F0}.Debug|x86.ActiveCfg = Debug|Any CPU
		{432E61F8-C6AD-4633-8A2C-E085343749F0}.Debug|x86.Build.0 = Debug|Any CPU
		{432E61F8-C6AD-4633-8A2C-E085343749F0}.Release|Any CPU.ActiveCfg = Release|Any CPU
		{432E61F8-C6AD-4633-8A2C-E085343749F0}.Release|Any CPU.Build.0 = Release|Any CPU
		{432E61F8-C6AD-4633-8A2C-E085343749F0}.Release|x64.ActiveCfg = Release|Any CPU
		{432E61F8-C6AD-4633-8A2C-E085343749F0}.Release|x64.Build.0 = Release|Any CPU
		{432E61F8-C6AD-4633-8A2C-E085343749F0}.Release|x86.ActiveCfg = Release|Any CPU
		{432E61F8-C6AD-4633-8A2C-E085343749F0}.Release|x86.Build.0 = Release|Any CPU
		{A10612B0-C0C1-484A-BFC5-822CDCAAC139}.Debug|Any CPU.ActiveCfg = Debug|Any CPU
		{A10612B0-C0C1-484A-BFC5-822CDCAAC139}.Debug|Any CPU.Build.0 = Debug|Any CPU
		{A10612B0-C0C1-484A-BFC5-822CDCAAC139}.Debug|x64.ActiveCfg = Debug|Any CPU
		{A10612B0-C0C1-484A-BFC5-822CDCAAC139}.Debug|x64.Build.0 = Debug|Any CPU
		{A10612B0-C0C1-484A-BFC5-822CDCAAC139}.Debug|x86.ActiveCfg = Debug|Any CPU
		{A10612B0-C0C1-484A-BFC5-822CDCAAC139}.Debug|x86.Build.0 = Debug|Any CPU
		{A10612B0-C0C1-484A-BFC5-822CDCAAC139}.Release|Any CPU.ActiveCfg = Release|Any CPU
		{A10612B0-C0C1-484A-BFC5-822CDCAAC139}.Release|Any CPU.Build.0 = Release|Any CPU
		{A10612B0-C0C1-484A-BFC5-822CDCAAC139}.Release|x64.ActiveCfg = Release|Any CPU
		{A10612B0-C0C1-484A-BFC5-822CDCAAC139}.Release|x64.Build.0 = Release|Any CPU
		{A10612B0-C0C1-484A-BFC5-822CDCAAC139}.Release|x86.ActiveCfg = Release|Any CPU
		{A10612B0-C0C1-484A-BFC5-822CDCAAC139}.Release|x86.Build.0 = Release|Any CPU
		{72A2B487-4FB7-48CB-831D-290A27E5ADE2}.Debug|Any CPU.ActiveCfg = Debug|Any CPU
		{72A2B487-4FB7-48CB-831D-290A27E5ADE2}.Debug|Any CPU.Build.0 = Debug|Any CPU
		{72A2B487-4FB7-48CB-831D-290A27E5ADE2}.Debug|x64.ActiveCfg = Debug|Any CPU
		{72A2B487-4FB7-48CB-831D-290A27E5ADE2}.Debug|x64.Build.0 = Debug|Any CPU
		{72A2B487-4FB7-48CB-831D-290A27E5ADE2}.Debug|x86.ActiveCfg = Debug|Any CPU
		{72A2B487-4FB7-48CB-831D-290A27E5ADE2}.Debug|x86.Build.0 = Debug|Any CPU
		{72A2B487-4FB7-48CB-831D-290A27E5ADE2}.Release|Any CPU.ActiveCfg = Release|Any CPU
		{72A2B487-4FB7-48CB-831D-290A27E5ADE2}.Release|Any CPU.Build.0 = Release|Any CPU
		{72A2B487-4FB7-48CB-831D-290A27E5ADE2}.Release|x64.ActiveCfg = Release|Any CPU
		{72A2B487-4FB7-48CB-831D-290A27E5ADE2}.Release|x64.Build.0 = Release|Any CPU
		{72A2B487-4FB7-48CB-831D-290A27E5ADE2}.Release|x86.ActiveCfg = Release|Any CPU
		{72A2B487-4FB7-48CB-831D-290A27E5ADE2}.Release|x86.Build.0 = Release|Any CPU
		{4732320E-1B67-466B-9777-EDD03A5D3008}.Debug|Any CPU.ActiveCfg = Debug|Any CPU
		{4732320E-1B67-466B-9777-EDD03A5D3008}.Debug|Any CPU.Build.0 = Debug|Any CPU
		{4732320E-1B67-466B-9777-EDD03A5D3008}.Debug|x64.ActiveCfg = Debug|Any CPU
		{4732320E-1B67-466B-9777-EDD03A5D3008}.Debug|x64.Build.0 = Debug|Any CPU
		{4732320E-1B67-466B-9777-EDD03A5D3008}.Debug|x86.ActiveCfg = Debug|Any CPU
		{4732320E-1B67-466B-9777-EDD03A5D3008}.Debug|x86.Build.0 = Debug|Any CPU
		{4732320E-1B67-466B-9777-EDD03A5D3008}.Release|Any CPU.ActiveCfg = Release|Any CPU
		{4732320E-1B67-466B-9777-EDD03A5D3008}.Release|Any CPU.Build.0 = Release|Any CPU
		{4732320E-1B67-466B-9777-EDD03A5D3008}.Release|x64.ActiveCfg = Release|Any CPU
		{4732320E-1B67-466B-9777-EDD03A5D3008}.Release|x64.Build.0 = Release|Any CPU
		{4732320E-1B67-466B-9777-EDD03A5D3008}.Release|x86.ActiveCfg = Release|Any CPU
		{4732320E-1B67-466B-9777-EDD03A5D3008}.Release|x86.Build.0 = Release|Any CPU
		{C13E4A37-49D0-48E5-ADAF-093DE41502CF}.Debug|Any CPU.ActiveCfg = Debug|Any CPU
		{C13E4A37-49D0-48E5-ADAF-093DE41502CF}.Debug|Any CPU.Build.0 = Debug|Any CPU
		{C13E4A37-49D0-48E5-ADAF-093DE41502CF}.Debug|x64.ActiveCfg = Debug|Any CPU
		{C13E4A37-49D0-48E5-ADAF-093DE41502CF}.Debug|x64.Build.0 = Debug|Any CPU
		{C13E4A37-49D0-48E5-ADAF-093DE41502CF}.Debug|x86.ActiveCfg = Debug|Any CPU
		{C13E4A37-49D0-48E5-ADAF-093DE41502CF}.Debug|x86.Build.0 = Debug|Any CPU
		{C13E4A37-49D0-48E5-ADAF-093DE41502CF}.Release|Any CPU.ActiveCfg = Release|Any CPU
		{C13E4A37-49D0-48E5-ADAF-093DE41502CF}.Release|Any CPU.Build.0 = Release|Any CPU
		{C13E4A37-49D0-48E5-ADAF-093DE41502CF}.Release|x64.ActiveCfg = Release|Any CPU
		{C13E4A37-49D0-48E5-ADAF-093DE41502CF}.Release|x64.Build.0 = Release|Any CPU
		{C13E4A37-49D0-48E5-ADAF-093DE41502CF}.Release|x86.ActiveCfg = Release|Any CPU
		{C13E4A37-49D0-48E5-ADAF-093DE41502CF}.Release|x86.Build.0 = Release|Any CPU
		{43DC72D1-4AB8-4C74-9CF6-3F2D7C5BCFFB}.Debug|Any CPU.ActiveCfg = Debug|Any CPU
		{43DC72D1-4AB8-4C74-9CF6-3F2D7C5BCFFB}.Debug|Any CPU.Build.0 = Debug|Any CPU
		{43DC72D1-4AB8-4C74-9CF6-3F2D7C5BCFFB}.Debug|x64.ActiveCfg = Debug|Any CPU
		{43DC72D1-4AB8-4C74-9CF6-3F2D7C5BCFFB}.Debug|x64.Build.0 = Debug|Any CPU
		{43DC72D1-4AB8-4C74-9CF6-3F2D7C5BCFFB}.Debug|x86.ActiveCfg = Debug|Any CPU
		{43DC72D1-4AB8-4C74-9CF6-3F2D7C5BCFFB}.Debug|x86.Build.0 = Debug|Any CPU
		{43DC72D1-4AB8-4C74-9CF6-3F2D7C5BCFFB}.Release|Any CPU.ActiveCfg = Release|Any CPU
		{43DC72D1-4AB8-4C74-9CF6-3F2D7C5BCFFB}.Release|Any CPU.Build.0 = Release|Any CPU
		{43DC72D1-4AB8-4C74-9CF6-3F2D7C5BCFFB}.Release|x64.ActiveCfg = Release|Any CPU
		{43DC72D1-4AB8-4C74-9CF6-3F2D7C5BCFFB}.Release|x64.Build.0 = Release|Any CPU
		{43DC72D1-4AB8-4C74-9CF6-3F2D7C5BCFFB}.Release|x86.ActiveCfg = Release|Any CPU
		{43DC72D1-4AB8-4C74-9CF6-3F2D7C5BCFFB}.Release|x86.Build.0 = Release|Any CPU
	EndGlobalSection
	GlobalSection(SolutionProperties) = preSolution
		HideSolutionNode = FALSE
	EndGlobalSection
	GlobalSection(NestedProjects) = preSolution
		{1F73E4A3-3590-439C-8061-5AF08D47A27C} = {827E0CD3-B72D-47B6-A68D-7590B98EB39B}
		{92F0D4A3-6116-49EB-9C54-0E10D91FD291} = {827E0CD3-B72D-47B6-A68D-7590B98EB39B}
		{432E61F8-C6AD-4633-8A2C-E085343749F0} = {827E0CD3-B72D-47B6-A68D-7590B98EB39B}
		{A10612B0-C0C1-484A-BFC5-822CDCAAC139} = {827E0CD3-B72D-47B6-A68D-7590B98EB39B}
		{72A2B487-4FB7-48CB-831D-290A27E5ADE2} = {827E0CD3-B72D-47B6-A68D-7590B98EB39B}
		{4732320E-1B67-466B-9777-EDD03A5D3008} = {0AB3BF05-4346-4AA6-1389-037BE0695223}
		{C13E4A37-49D0-48E5-ADAF-093DE41502CF} = {0AB3BF05-4346-4AA6-1389-037BE0695223}
		{43DC72D1-4AB8-4C74-9CF6-3F2D7C5BCFFB} = {0AB3BF05-4346-4AA6-1389-037BE0695223}
	EndGlobalSection
EndGlobal
